
Microsoft Visual Studio Solution File, Format Version 12.00
# Visual Studio Version 16
VisualStudioVersion = 16.0.31005.135
MinimumVisualStudioVersion = 10.0.40219.1
Project("{9A19103F-16F7-4668-BE54-9A1E7A4F7556}") = "LambdaDynamoDb", "LambdaDynamoDb.csproj", "{B46884AC-5060-4B7F-BB18-E5BECBEBC174}"
EndProject
Global
	GlobalSection(SolutionConfigurationPlatforms) = preSolution
		Debug|Any CPU = Debug|Any CPU
		Release|Any CPU = Release|Any CPU
	EndGlobalSection
	GlobalSection(ProjectConfigurationPlatforms) = postSolution
		{B46884AC-5060-4B7F-BB18-E5BECBEBC174}.Debug|Any CPU.ActiveCfg = Debug|Any CPU
		{B46884AC-5060-4B7F-BB18-E5BECBEBC174}.Debug|Any CPU.Build.0 = Debug|Any CPU
		{B46884AC-5060-4B7F-BB18-E5BECBEBC174}.Release|Any CPU.ActiveCfg = Release|Any CPU
		{B46884AC-5060-4B7F-BB18-E5BECBEBC174}.Release|Any CPU.Build.0 = Release|Any CPU
	EndGlobalSection
	GlobalSection(SolutionProperties) = preSolution
		HideSolutionNode = FALSE
	EndGlobalSection
	GlobalSection(ExtensibilityGlobals) = postSolution
		SolutionGuid = {CC3DC1EC-523C-4642-BAC7-C2143FF448BD}
	EndGlobalSection
EndGlobal
